
Microsoft Visual Studio Solution File, Format Version 12.00
# Visual Studio Version 17
VisualStudioVersion = 17.11.35312.102
MinimumVisualStudioVersion = 10.0.40219.1
Project("{FAE04EC0-301F-11D3-BF4B-00C04F79EFBC}") = "P7_1_714230058", "P7_1_714230058\P7_1_714230058.csproj", "{8EDC9279-9424-43F7-9B92-92BBBC236A46}"
EndProject
Global
	GlobalSection(SolutionConfigurationPlatforms) = preSolution
		Debug|Any CPU = Debug|Any CPU
		Release|Any CPU = Release|Any CPU
	EndGlobalSection
	GlobalSection(ProjectConfigurationPlatforms) = postSolution
		{8EDC9279-9424-43F7-9B92-92BBBC236A46}.Debug|Any CPU.ActiveCfg = Debug|Any CPU
		{8EDC9279-9424-43F7-9B92-92BBBC236A46}.Debug|Any CPU.Build.0 = Debug|Any CPU
		{8EDC9279-9424-43F7-9B92-92BBBC236A46}.Release|Any CPU.ActiveCfg = Release|Any CPU
		{8EDC9279-9424-43F7-9B92-92BBBC236A46}.Release|Any CPU.Build.0 = Release|Any CPU
	EndGlobalSection
	GlobalSection(SolutionProperties) = preSolution
		HideSolutionNode = FALSE
	EndGlobalSection
	GlobalSection(ExtensibilityGlobals) = postSolution
		SolutionGuid = {FF6C6563-60B8-4350-A721-CA3F2C0EC203}
	EndGlobalSection
EndGlobal
