
Microsoft Visual Studio Solution File, Format Version 12.00
# Visual Studio Version 17
VisualStudioVersion = 17.11.35327.3
MinimumVisualStudioVersion = 10.0.40219.1
Project("{FAE04EC0-301F-11D3-BF4B-00C04F79EFBC}") = "P4_2_714230058", "P4_2_714230058\P4_2_714230058.csproj", "{781326CB-A989-466E-9BDF-147FE563FC33}"
EndProject
Global
	GlobalSection(SolutionConfigurationPlatforms) = preSolution
		Debug|Any CPU = Debug|Any CPU
		Release|Any CPU = Release|Any CPU
	EndGlobalSection
	GlobalSection(ProjectConfigurationPlatforms) = postSolution
		{781326CB-A989-466E-9BDF-147FE563FC33}.Debug|Any CPU.ActiveCfg = Debug|Any CPU
		{781326CB-A989-466E-9BDF-147FE563FC33}.Debug|Any CPU.Build.0 = Debug|Any CPU
		{781326CB-A989-466E-9BDF-147FE563FC33}.Release|Any CPU.ActiveCfg = Release|Any CPU
		{781326CB-A989-466E-9BDF-147FE563FC33}.Release|Any CPU.Build.0 = Release|Any CPU
	EndGlobalSection
	GlobalSection(SolutionProperties) = preSolution
		HideSolutionNode = FALSE
	EndGlobalSection
	GlobalSection(ExtensibilityGlobals) = postSolution
		SolutionGuid = {A94DAC24-1071-4E24-AFEF-CE52E6123B84}
	EndGlobalSection
EndGlobal
