
Microsoft Visual Studio Solution File, Format Version 12.00
# Visual Studio Version 17
VisualStudioVersion = 17.11.35312.102
MinimumVisualStudioVersion = 10.0.40219.1
Project("{FAE04EC0-301F-11D3-BF4B-00C04F79EFBC}") = "P6_1_714230058", "P6_1_714230058\P6_1_714230058.csproj", "{B29BA3AA-54D5-4CC7-9F7D-FC646F2BE587}"
EndProject
Global
	GlobalSection(SolutionConfigurationPlatforms) = preSolution
		Debug|Any CPU = Debug|Any CPU
		Release|Any CPU = Release|Any CPU
	EndGlobalSection
	GlobalSection(ProjectConfigurationPlatforms) = postSolution
		{B29BA3AA-54D5-4CC7-9F7D-FC646F2BE587}.Debug|Any CPU.ActiveCfg = Debug|Any CPU
		{B29BA3AA-54D5-4CC7-9F7D-FC646F2BE587}.Debug|Any CPU.Build.0 = Debug|Any CPU
		{B29BA3AA-54D5-4CC7-9F7D-FC646F2BE587}.Release|Any CPU.ActiveCfg = Release|Any CPU
		{B29BA3AA-54D5-4CC7-9F7D-FC646F2BE587}.Release|Any CPU.Build.0 = Release|Any CPU
	EndGlobalSection
	GlobalSection(SolutionProperties) = preSolution
		HideSolutionNode = FALSE
	EndGlobalSection
	GlobalSection(ExtensibilityGlobals) = postSolution
		SolutionGuid = {ABCBD339-09BA-453B-AE41-488FA8C40D14}
	EndGlobalSection
EndGlobal
